
Microsoft Visual Studio Solution File, Format Version 12.00
Project("{FAE04EC0-301F-11D3-BF4B-00C04F79EFBC}") = "CoolEncrypter", "CoolEncrypter\CoolEncrypter.csproj", "{5FE7BB5F-5FA3-4515-9449-C288D47E65B2}"
EndProject
Global
	GlobalSection(SolutionConfigurationPlatforms) = preSolution
		Debug|Any CPU = Debug|Any CPU
		Release|Any CPU = Release|Any CPU
	EndGlobalSection
	GlobalSection(ProjectConfigurationPlatforms) = postSolution
		{5FE7BB5F-5FA3-4515-9449-C288D47E65B2}.Debug|Any CPU.ActiveCfg = Debug|Any CPU
		{5FE7BB5F-5FA3-4515-9449-C288D47E65B2}.Debug|Any CPU.Build.0 = Debug|Any CPU
		{5FE7BB5F-5FA3-4515-9449-C288D47E65B2}.Release|Any CPU.ActiveCfg = Release|Any CPU
		{5FE7BB5F-5FA3-4515-9449-C288D47E65B2}.Release|Any CPU.Build.0 = Release|Any CPU
	EndGlobalSection
EndGlobal
